
Microsoft Visual Studio Solution File, Format Version 12.00
# Visual Studio Version 16
VisualStudioVersion = 16.0.31424.327
MinimumVisualStudioVersion = 10.0.40219.1
Project("{FAE04EC0-301F-11D3-BF4B-00C04F79EFBC}") = "Func", "Func\Func.csproj", "{C8F8ACF9-61B2-49A4-B5D7-D53DC92BDE04}"
EndProject
Project("{FAE04EC0-301F-11D3-BF4B-00C04F79EFBC}") = "HealthBar", "HealthBar\HealthBar.csproj", "{9B0A47FF-295B-4ACA-8397-F2378A6B402B}"
EndProject
Project("{FAE04EC0-301F-11D3-BF4B-00C04F79EFBC}") = "PacMan", "PacMan\PacMan.csproj", "{06C762FE-7E4F-4A36-895D-77ED18485361}"
EndProject
Project("{FAE04EC0-301F-11D3-BF4B-00C04F79EFBC}") = "PersonnelAccounting", "PersonnelAccounting\PersonnelAccounting.csproj", "{6DCBF778-2F49-4EBE-8062-9B67C46105B8}"
EndProject
Global
	GlobalSection(SolutionConfigurationPlatforms) = preSolution
		Debug|Any CPU = Debug|Any CPU
		Release|Any CPU = Release|Any CPU
	EndGlobalSection
	GlobalSection(ProjectConfigurationPlatforms) = postSolution
		{C8F8ACF9-61B2-49A4-B5D7-D53DC92BDE04}.Debug|Any CPU.ActiveCfg = Debug|Any CPU
		{C8F8ACF9-61B2-49A4-B5D7-D53DC92BDE04}.Debug|Any CPU.Build.0 = Debug|Any CPU
		{C8F8ACF9-61B2-49A4-B5D7-D53DC92BDE04}.Release|Any CPU.ActiveCfg = Release|Any CPU
		{C8F8ACF9-61B2-49A4-B5D7-D53DC92BDE04}.Release|Any CPU.Build.0 = Release|Any CPU
		{9B0A47FF-295B-4ACA-8397-F2378A6B402B}.Debug|Any CPU.ActiveCfg = Debug|Any CPU
		{9B0A47FF-295B-4ACA-8397-F2378A6B402B}.Debug|Any CPU.Build.0 = Debug|Any CPU
		{9B0A47FF-295B-4ACA-8397-F2378A6B402B}.Release|Any CPU.ActiveCfg = Release|Any CPU
		{9B0A47FF-295B-4ACA-8397-F2378A6B402B}.Release|Any CPU.Build.0 = Release|Any CPU
		{06C762FE-7E4F-4A36-895D-77ED18485361}.Debug|Any CPU.ActiveCfg = Debug|Any CPU
		{06C762FE-7E4F-4A36-895D-77ED18485361}.Debug|Any CPU.Build.0 = Debug|Any CPU
		{06C762FE-7E4F-4A36-895D-77ED18485361}.Release|Any CPU.ActiveCfg = Release|Any CPU
		{06C762FE-7E4F-4A36-895D-77ED18485361}.Release|Any CPU.Build.0 = Release|Any CPU
		{6DCBF778-2F49-4EBE-8062-9B67C46105B8}.Debug|Any CPU.ActiveCfg = Debug|Any CPU
		{6DCBF778-2F49-4EBE-8062-9B67C46105B8}.Debug|Any CPU.Build.0 = Debug|Any CPU
		{6DCBF778-2F49-4EBE-8062-9B67C46105B8}.Release|Any CPU.ActiveCfg = Release|Any CPU
		{6DCBF778-2F49-4EBE-8062-9B67C46105B8}.Release|Any CPU.Build.0 = Release|Any CPU
	EndGlobalSection
	GlobalSection(SolutionProperties) = preSolution
		HideSolutionNode = FALSE
	EndGlobalSection
	GlobalSection(ExtensibilityGlobals) = postSolution
		SolutionGuid = {2DD30A3D-81D3-4D45-B7F6-C76D0336F4C6}
	EndGlobalSection
EndGlobal
